// !$*UTF8*$!
{
	archiveVersion = 1;
	classes = {
	};
	objectVersion = 48;
	objects = {

/* Begin PBXBuildFile section */
		A24B703420EDB986001062D9 /* AppDelegate.m in Sources */ = {isa = PBXBuildFile; fileRef = A24B703320EDB986001062D9 /* AppDelegate.m */; };
		A24B703720EDB986001062D9 /* ViewController.m in Sources */ = {isa = PBXBuildFile; fileRef = A24B703620EDB986001062D9 /* ViewController.m */; };
		A24B703D20EDB986001062D9 /* GPU_ImageProcessingIphone.xcdatamodeld in Sources */ = {isa = PBXBuildFile; fileRef = A24B703B20EDB986001062D9 /* GPU_ImageProcessingIphone.xcdatamodeld */; };
		A24B703F20EDB986001062D9 /* Assets.xcassets in Resources */ = {isa = PBXBuildFile; fileRef = A24B703E20EDB986001062D9 /* Assets.xcassets */; };
		A24B704220EDB986001062D9 /* LaunchScreen.storyboard in Resources */ = {isa = PBXBuildFile; fileRef = A24B704020EDB986001062D9 /* LaunchScreen.storyboard */; };
		A24B704520EDB986001062D9 /* main.m in Sources */ = {isa = PBXBuildFile; fileRef = A24B704420EDB986001062D9 /* main.m */; };
		A24B704D20EDBA83001062D9 /* TYSkinCareViewController.m in Sources */ = {isa = PBXBuildFile; fileRef = A24B704C20EDBA83001062D9 /* TYSkinCareViewController.m */; };
/* End PBXBuildFile section */

/* Begin PBXFileReference section */
		A24B702F20EDB986001062D9 /* GPU_ImageProcessingIphone.app */ = {isa = PBXFileReference; explicitFileType = wrapper.application; includeInIndex = 0; path = GPU_ImageProcessingIphone.app; sourceTree = BUILT_PRODUCTS_DIR; };
		A24B703220EDB986001062D9 /* AppDelegate.h */ = {isa = PBXFileReference; lastKnownFileType = sourcecode.c.h; path = AppDelegate.h; sourceTree = "<group>"; };
		A24B703320EDB986001062D9 /* AppDelegate.m */ = {isa = PBXFileReference; lastKnownFileType = sourcecode.c.objc; path = AppDelegate.m; sourceTree = "<group>"; };
		A24B703520EDB986001062D9 /* ViewController.h */ = {isa = PBXFileReference; lastKnownFileType = sourcecode.c.h; path = ViewController.h; sourceTree = "<group>"; };
		A24B703620EDB986001062D9 /* ViewController.m */ = {isa = PBXFileReference; lastKnownFileType = sourcecode.c.objc; path = ViewController.m; sourceTree = "<group>"; };
		A24B703C20EDB986001062D9 /* GPU_ImageProcessingIphone.xcdatamodel */ = {isa = PBXFileReference; lastKnownFileType = wrapper.xcdatamodel; path = GPU_ImageProcessingIphone.xcdatamodel; sourceTree = "<group>"; };
		A24B703E20EDB986001062D9 /* Assets.xcassets */ = {isa = PBXFileReference; lastKnownFileType = folder.assetcatalog; path = Assets.xcassets; sourceTree = "<group>"; };
		A24B704120EDB986001062D9 /* Base */ = {isa = PBXFileReference; lastKnownFileType = file.storyboard; name = Base; path = Base.lproj/LaunchScreen.storyboard; sourceTree = "<group>"; };
		A24B704320EDB986001062D9 /* Info.plist */ = {isa = PBXFileReference; lastKnownFileType = text.plist.xml; path = Info.plist; sourceTree = "<group>"; };
		A24B704420EDB986001062D9 /* main.m */ = {isa = PBXFileReference; lastKnownFileType = sourcecode.c.objc; path = main.m; sourceTree = "<group>"; };
		A24B704B20EDBA83001062D9 /* TYSkinCareViewController.h */ = {isa = PBXFileReference; lastKnownFileType = sourcecode.c.h; path = TYSkinCareViewController.h; sourceTree = "<group>"; };
		A24B704C20EDBA83001062D9 /* TYSkinCareViewController.m */ = {isa = PBXFileReference; lastKnownFileType = sourcecode.c.objc; path = TYSkinCareViewController.m; sourceTree = "<group>"; };
/* End PBXFileReference section */

/* Begin PBXFrameworksBuildPhase section */
		A24B702C20EDB986001062D9 /* Frameworks */ = {
			isa = PBXFrameworksBuildPhase;
			buildActionMask = 2147483647;
			files = (
			);
			runOnlyForDeploymentPostprocessing = 0;
		};
/* End PBXFrameworksBuildPhase section */

/* Begin PBXGroup section */
		A24B702620EDB986001062D9 = {
			isa = PBXGroup;
			children = (
				A24B703120EDB986001062D9 /* GPU_ImageProcessingIphone */,
				A24B703020EDB986001062D9 /* Products */,
			);
			sourceTree = "<group>";
		};
		A24B703020EDB986001062D9 /* Products */ = {
			isa = PBXGroup;
			children = (
				A24B702F20EDB986001062D9 /* GPU_ImageProcessingIphone.app */,
			);
			name = Products;
			sourceTree = "<group>";
		};
		A24B703120EDB986001062D9 /* GPU_ImageProcessingIphone */ = {
			isa = PBXGroup;
			children = (
				A24B703220EDB986001062D9 /* AppDelegate.h */,
				A24B703320EDB986001062D9 /* AppDelegate.m */,
				A24B703520EDB986001062D9 /* ViewController.h */,
				A24B703620EDB986001062D9 /* ViewController.m */,
				A24B704B20EDBA83001062D9 /* TYSkinCareViewController.h */,
				A24B704C20EDBA83001062D9 /* TYSkinCareViewController.m */,
				A24B703E20EDB986001062D9 /* Assets.xcassets */,
				A24B704020EDB986001062D9 /* LaunchScreen.storyboard */,
				A24B704320EDB986001062D9 /* Info.plist */,
				A24B704420EDB986001062D9 /* main.m */,
				A24B703B20EDB986001062D9 /* GPU_ImageProcessingIphone.xcdatamodeld */,
			);
			path = GPU_ImageProcessingIphone;
			sourceTree = "<group>";
		};
/* End PBXGroup section */

/* Begin PBXNativeTarget section */
		A24B702E20EDB986001062D9 /* GPU_ImageProcessingIphone */ = {
			isa = PBXNativeTarget;
			buildConfigurationList = A24B704820EDB986001062D9 /* Build configuration list for PBXNativeTarget "GPU_ImageProcessingIphone" */;
			buildPhases = (
				A24B702B20EDB986001062D9 /* Sources */,
				A24B702C20EDB986001062D9 /* Frameworks */,
				A24B702D20EDB986001062D9 /* Resources */,
			);
			buildRules = (
			);
			dependencies = (
			);
			name = GPU_ImageProcessingIphone;
			productName = GPU_ImageProcessingIphone;
			productReference = A24B702F20EDB986001062D9 /* GPU_ImageProcessingIphone.app */;
			productType = "com.apple.product-type.application";
		};
/* End PBXNativeTarget section */

/* Begin PBXProject section */
		A24B702720EDB986001062D9 /* Project object */ = {
			isa = PBXProject;
			attributes = {
				LastUpgradeCheck = 0920;
				ORGANIZATIONNAME = "汤义";
				TargetAttributes = {
					A24B702E20EDB986001062D9 = {
						CreatedOnToolsVersion = 9.2;
						ProvisioningStyle = Automatic;
					};
				};
			};
			buildConfigurationList = A24B702A20EDB986001062D9 /* Build configuration list for PBXProject "GPU_ImageProcessingIphone" */;
			compatibilityVersion = "Xcode 8.0";
			developmentRegion = en;
			hasScannedForEncodings = 0;
			knownRegions = (
				en,
				Base,
			);
			mainGroup = A24B702620EDB986001062D9;
			productRefGroup = A24B703020EDB986001062D9 /* Products */;
			projectDirPath = "";
			projectRoot = "";
			targets = (
				A24B702E20EDB986001062D9 /* GPU_ImageProcessingIphone */,
			);
		};
/* End PBXProject section */

/* Begin PBXResourcesBuildPhase section */
		A24B702D20EDB986001062D9 /* Resources */ = {
			isa = PBXResourcesBuildPhase;
			buildActionMask = 2147483647;
			files = (
				A24B704220EDB986001062D9 /* LaunchScreen.storyboard in Resources */,
				A24B703F20EDB986001062D9 /* Assets.xcassets in Resources */,
			);
			runOnlyForDeploymentPostprocessing = 0;
		};
/* End PBXResourcesBuildPhase section */

/* Begin PBXSourcesBuildPhase section */
		A24B702B20EDB986001062D9 /* Sources */ = {
			isa = PBXSourcesBuildPhase;
			buildActionMask = 2147483647;
			files = (
				A24B704D20EDBA83001062D9 /* TYSkinCareViewController.m in Sources */,
				A24B703720EDB986001062D9 /* ViewController.m in Sources */,
				A24B703420EDB986001062D9 /* AppDelegate.m in Sources */,
				A24B704520EDB986001062D9 /* main.m in Sources */,
				A24B703D20EDB986001062D9 /* GPU_ImageProcessingIphone.xcdatamodeld in Sources */,
			);
			runOnlyForDeploymentPostprocessing = 0;
		};
/* End PBXSourcesBuildPhase section */

/* Begin PBXVariantGroup section */
		A24B704020EDB986001062D9 /* LaunchScreen.storyboard */ = {
			isa = PBXVariantGroup;
			children = (
				A24B704120EDB986001062D9 /* Base */,
			);
			name = LaunchScreen.storyboard;
			sourceTree = "<group>";
		};
/* End PBXVariantGroup section */

/* Begin XCBuildConfiguration section */
		A24B704620EDB986001062D9 /* Debug */ = {
			isa = XCBuildConfiguration;
			buildSettings = {
				ALWAYS_SEARCH_USER_PATHS = NO;
				CLANG_ANALYZER_NONNULL = YES;
				CLANG_ANALYZER_NUMBER_OBJECT_CONVERSION = YES_AGGRESSIVE;
				CLANG_CXX_LANGUAGE_STANDARD = "gnu++14";
				CLANG_CXX_LIBRARY = "libc++";
				CLANG_ENABLE_MODULES = YES;
				CLANG_ENABLE_OBJC_ARC = YES;
				CLANG_WARN_BLOCK_CAPTURE_AUTORELEASING = YES;
				CLANG_WARN_BOOL_CONVERSION = YES;
				CLANG_WARN_COMMA = YES;
				CLANG_WARN_CONSTANT_CONVERSION = YES;
				CLANG_WARN_DIRECT_OBJC_ISA_USAGE = YES_ERROR;
				CLANG_WARN_DOCUMENTATION_COMMENTS = YES;
				CLANG_WARN_EMPTY_BODY = YES;
				CLANG_WARN_ENUM_CONVERSION = YES;
				CLANG_WARN_INFINITE_RECURSION = YES;
				CLANG_WARN_INT_CONVERSION = YES;
				CLANG_WARN_NON_LITERAL_NULL_CONVERSION = YES;
				CLANG_WARN_OBJC_LITERAL_CONVERSION = YES;
				CLANG_WARN_OBJC_ROOT_CLASS = YES_ERROR;
				CLANG_WARN_RANGE_LOOP_ANALYSIS = YES;
				CLANG_WARN_STRICT_PROTOTYPES = YES;
				CLANG_WARN_SUSPICIOUS_MOVE = YES;
				CLANG_WARN_UNGUARDED_AVAILABILITY = YES_AGGRESSIVE;
				CLANG_WARN_UNREACHABLE_CODE = YES;
				CLANG_WARN__DUPLICATE_METHOD_MATCH = YES;
				CODE_SIGN_IDENTITY = "iPhone Developer";
				COPY_PHASE_STRIP = NO;
				DEBUG_INFORMATION_FORMAT = dwarf;
				ENABLE_STRICT_OBJC_MSGSEND = YES;
				ENABLE_TESTABILITY = YES;
				GCC_C_LANGUAGE_STANDARD = gnu11;
				GCC_DYNAMIC_NO_PIC = NO;
				GCC_NO_COMMON_BLOCKS = YES;
				GCC_OPTIMIZATION_LEVEL = 0;
				GCC_PREPROCESSOR_DEFINITIONS = (
					"DEBUG=1",
					"$(inherited)",
				);
				GCC_WARN_64_TO_32_BIT_CONVERSION = YES;
				GCC_WARN_ABOUT_RETURN_TYPE = YES_ERROR;
				GCC_WARN_UNDECLARED_SELECTOR = YES;
				GCC_WARN_UNINITIALIZED_AUTOS = YES_AGGRESSIVE;
				GCC_WARN_UNUSED_FUNCTION = YES;
				GCC_WARN_UNUSED_VARIABLE = YES;
				IPHONEOS_DEPLOYMENT_TARGET = 11.2;
				MTL_ENABLE_DEBUG_INFO = YES;
				ONLY_ACTIVE_ARCH = YES;
				SDKROOT = iphoneos;
			};
			name = Debug;
		};
		A24B704720EDB986001062D9 /* Release */ = {
			isa = XCBuildConfiguration;
			buildSettings = {
				ALWAYS_SEARCH_USER_PATHS = NO;
				CLANG_ANALYZER_NONNULL = YES;
				CLANG_ANALYZER_NUMBER_OBJECT_CONVERSION = YES_AGGRESSIVE;
				CLANG_CXX_LANGUAGE_STANDARD = "gnu++14";
				CLANG_CXX_LIBRARY = "libc++";
				CLANG_ENABLE_MODULES = YES;
				CLANG_ENABLE_OBJC_ARC = YES;
				CLANG_WARN_BLOCK_CAPTURE_AUTORELEASING = YES;
				CLANG_WARN_BOOL_CONVERSION = YES;
				CLANG_WARN_COMMA = YES;
				CLANG_WARN_CONSTANT_CONVERSION = YES;
				CLANG_WARN_DIRECT_OBJC_ISA_USAGE = YES_ERROR;
				CLANG_WARN_DOCUMENTATION_COMMENTS = YES;
				CLANG_WARN_EMPTY_BODY = YES;
				CLANG_WARN_ENUM_CONVERSION = YES;
				CLANG_WARN_INFINITE_RECURSION = YES;
				CLANG_WARN_INT_CONVERSION = YES;
				CLANG_WARN_NON_LITERAL_NULL_CONVERSION = YES;
				CLANG_WARN_OBJC_LITERAL_CONVERSION = YES;
				CLANG_WARN_OBJC_ROOT_CLASS = YES_ERROR;
				CLANG_WARN_RANGE_LOOP_ANALYSIS = YES;
				CLANG_WARN_STRICT_PROTOTYPES = YES;
				CLANG_WARN_SUSPICIOUS_MOVE = YES;
				CLANG_WARN_UNGUARDED_AVAILABILITY = YES_AGGRESSIVE;
				CLANG_WARN_UNREACHABLE_CODE = YES;
				CLANG_WARN__DUPLICATE_METHOD_MATCH = YES;
				CODE_SIGN_IDENTITY = "iPhone Developer";
				COPY_PHASE_STRIP = NO;
				DEBUG_INFORMATION_FORMAT = "dwarf-with-dsym";
				ENABLE_NS_ASSERTIONS = NO;
				ENABLE_STRICT_OBJC_MSGSEND = YES;
				GCC_C_LANGUAGE_STANDARD = gnu11;
				GCC_NO_COMMON_BLOCKS = YES;
				GCC_WARN_64_TO_32_BIT_CONVERSION = YES;
				GCC_WARN_ABOUT_RETURN_TYPE = YES_ERROR;
				GCC_WARN_UNDECLARED_SELECTOR = YES;
				GCC_WARN_UNINITIALIZED_AUTOS = YES_AGGRESSIVE;
				GCC_WARN_UNUSED_FUNCTION = YES;
				GCC_WARN_UNUSED_VARIABLE = YES;
				IPHONEOS_DEPLOYMENT_TARGET = 11.2;
				MTL_ENABLE_DEBUG_INFO = NO;
				SDKROOT = iphoneos;
				VALIDATE_PRODUCT = YES;
			};
			name = Release;
		};
		A24B704920EDB986001062D9 /* Debug */ = {
			isa = XCBuildConfiguration;
			buildSettings = {
				ASSETCATALOG_COMPILER_APPICON_NAME = AppIcon;
				CODE_SIGN_STYLE = Automatic;
				DEVELOPMENT_TEAM = N5WRHCE748;
				INFOPLIST_FILE = GPU_ImageProcessingIphone/Info.plist;
				LD_RUNPATH_SEARCH_PATHS = "$(inherited) @executable_path/Frameworks";
				PRODUCT_BUNDLE_IDENTIFIER = "Users-xiyin-desktop-name-Get-image-processing.GPU-ImageProcessingIphone";
				PRODUCT_NAME = "$(TARGET_NAME)";
				TARGETED_DEVICE_FAMILY = "1,2";
			};
			name = Debug;
		};
		A24B704A20EDB986001062D9 /* Release */ = {
			isa = XCBuildConfiguration;
			buildSettings = {
				ASSETCATALOG_COMPILER_APPICON_NAME = AppIcon;
				CODE_SIGN_STYLE = Automatic;
				DEVELOPMENT_TEAM = N5WRHCE748;
				INFOPLIST_FILE = GPU_ImageProcessingIphone/Info.plist;
				LD_RUNPATH_SEARCH_PATHS = "$(inherited) @executable_path/Frameworks";
				PRODUCT_BUNDLE_IDENTIFIER = "Users-xiyin-desktop-name-Get-image-processing.GPU-ImageProcessingIphone";
				PRODUCT_NAME = "$(TARGET_NAME)";
				TARGETED_DEVICE_FAMILY = "1,2";
			};
			name = Release;
		};
/* End XCBuildConfiguration section */

/* Begin XCConfigurationList section */
		A24B702A20EDB986001062D9 /* Build configuration list for PBXProject "GPU_ImageProcessingIphone" */ = {
			isa = XCConfigurationList;
			buildConfigurations = (
				A24B704620EDB986001062D9 /* Debug */,
				A24B704720EDB986001062D9 /* Release */,
			);
			defaultConfigurationIsVisible = 0;
			defaultConfigurationName = Release;
		};
		A24B704820EDB986001062D9 /* Build configuration list for PBXNativeTarget "GPU_ImageProcessingIphone" */ = {
			isa = XCConfigurationList;
			buildConfigurations = (
				A24B704920EDB986001062D9 /* Debug */,
				A24B704A20EDB986001062D9 /* Release */,
			);
			defaultConfigurationIsVisible = 0;
			defaultConfigurationName = Release;
		};
/* End XCConfigurationList section */

/* Begin XCVersionGroup section */
		A24B703B20EDB986001062D9 /* GPU_ImageProcessingIphone.xcdatamodeld */ = {
			isa = XCVersionGroup;
			children = (
				A24B703C20EDB986001062D9 /* GPU_ImageProcessingIphone.xcdatamodel */,
			);
			currentVersion = A24B703C20EDB986001062D9 /* GPU_ImageProcessingIphone.xcdatamodel */;
			path = GPU_ImageProcessingIphone.xcdatamodeld;
			sourceTree = "<group>";
			versionGroupType = wrapper.xcdatamodel;
		};
/* End XCVersionGroup section */
	};
	rootObject = A24B702720EDB986001062D9 /* Project object */;
}
